{
  "name": "sonscript",
  "version": "1.0.0",
  "lockfileVersion": 2,
  "requires": true,
  "packages": {
    "": {
      "name": "sonscript",
      "version": "1.0.0",
      "license": "ISC",
      "dependencies": {
        "subscript": "^7.3.1",
        "watr": "^1.2.0"
      },
      "devDependencies": {
        "tst": "^7.1.1",
        "wabt": "^1.0.27"
      }
    },
    "node_modules/subscript": {
      "version": "7.3.1",
      "resolved": "https://registry.npmjs.org/subscript/-/subscript-7.3.1.tgz",
      "integrity": "sha512-6GhrvO2MTQU+o099BCzAQFcXE2z76FapKPdQdDe1bkMRzTqcMOkU+BMbdIdzWPPATqu3hNu/AyTiRDFSP0rqYw=="
    },
    "node_modules/tst": {
      "version": "7.1.1",
      "resolved": "https://registry.npmjs.org/tst/-/tst-7.1.1.tgz",
      "integrity": "sha512-8YzRv0WfbdXT6xiJasrH43D04PvzJONxLNSbLvWuXggKLmVJFYxG6DnXaWZNw4SOPoCYw6AaUxCfNf887TzVHw==",
      "dev": true
    },
    "node_modules/wabt": {
      "version": "1.0.27",
      "resolved": "https://registry.npmjs.org/wabt/-/wabt-1.0.27.tgz",
      "integrity": "sha512-epKSgf60WIwTItioDQFsjixtpTXUxPOlUIXiKA7b/VYQS1OynXftATYULmtBClAbBYdXkfmCIW9JDOIbuk2NrA==",
      "dev": true,
      "bin": {
        "wasm-decompile": "bin/wasm-decompile",
        "wasm-interp": "bin/wasm-interp",
        "wasm-objdump": "bin/wasm-objdump",
        "wasm-opcodecnt": "bin/wasm-opcodecnt",
        "wasm-strip": "bin/wasm-strip",
        "wasm-validate": "bin/wasm-validate",
        "wasm2c": "bin/wasm2c",
        "wasm2wat": "bin/wasm2wat",
        "wat2wasm": "bin/wat2wasm"
      }
    },
    "node_modules/watr": {
      "version": "1.2.0",
      "resolved": "https://registry.npmjs.org/watr/-/watr-1.2.0.tgz",
      "integrity": "sha512-noG/D0ljsY4bqkKdDoemj977o4H3vek6Mx3Vkw4dN779ykJcKjVQ7mvi74BTQ1iB/Tn1OW6OMFVvW3DJXs8vSQ=="
    }
  },
  "dependencies": {
    "subscript": {
      "version": "7.3.1",
      "resolved": "https://registry.npmjs.org/subscript/-/subscript-7.3.1.tgz",
      "integrity": "sha512-6GhrvO2MTQU+o099BCzAQFcXE2z76FapKPdQdDe1bkMRzTqcMOkU+BMbdIdzWPPATqu3hNu/AyTiRDFSP0rqYw=="
    },
    "tst": {
      "version": "7.1.1",
      "resolved": "https://registry.npmjs.org/tst/-/tst-7.1.1.tgz",
      "integrity": "sha512-8YzRv0WfbdXT6xiJasrH43D04PvzJONxLNSbLvWuXggKLmVJFYxG6DnXaWZNw4SOPoCYw6AaUxCfNf887TzVHw==",
      "dev": true
    },
    "wabt": {
      "version": "1.0.27",
      "resolved": "https://registry.npmjs.org/wabt/-/wabt-1.0.27.tgz",
      "integrity": "sha512-epKSgf60WIwTItioDQFsjixtpTXUxPOlUIXiKA7b/VYQS1OynXftATYULmtBClAbBYdXkfmCIW9JDOIbuk2NrA==",
      "dev": true
    },
    "watr": {
      "version": "1.2.0",
      "resolved": "https://registry.npmjs.org/watr/-/watr-1.2.0.tgz",
      "integrity": "sha512-noG/D0ljsY4bqkKdDoemj977o4H3vek6Mx3Vkw4dN779ykJcKjVQ7mvi74BTQ1iB/Tn1OW6OMFVvW3DJXs8vSQ=="
    }
  }
}
