{
  "name": "melo",
  "version": "0.0.0",
  "lockfileVersion": 2,
  "requires": true,
  "packages": {
    "": {
      "name": "melo",
      "version": "0.0.0",
      "license": "MIT",
      "dependencies": {
        "arg": "^5.0.2",
        "subscript": "^8.4.0",
        "watr": "^2.4.0"
      },
      "bin": {
        "melo": "cli.js"
      },
      "devDependencies": {
        "sprae": "^6.1.2",
        "tst": "^7.2.0"
      }
    },
    "node_modules/arg": {
      "version": "5.0.2",
      "resolved": "https://registry.npmjs.org/arg/-/arg-5.0.2.tgz",
      "integrity": "sha512-PYjyFOLKQ9y57JvQ6QLo8dAgNqswh8M1RMJYdQduT6xbWSgK36P/Z/v+p888pM69jMMfS8Xd8F6I1kQ/I9HUGg=="
    },
    "node_modules/sprae": {
      "version": "6.1.2",
      "resolved": "https://registry.npmjs.org/sprae/-/sprae-6.1.2.tgz",
      "integrity": "sha512-1im02tW2fihB7cSFP26m21YXt5q1JNgh/QPXl3k4Ms/+0fMXHJj5jvz8DEs0HUdHWrs2kFrxX1dj/cOmOhLH6Q==",
      "dev": true,
      "dependencies": {
        "swapdom": "^1.1.1"
      }
    },
    "node_modules/subscript": {
      "version": "8.4.0",
      "resolved": "https://registry.npmjs.org/subscript/-/subscript-8.4.0.tgz",
      "integrity": "sha512-3Tt3Nh62JSrb1rQnZRyH/JNEc/FoztZQto5r+4vlnOLRVMAF++4aZRjoIGsXevOKs20LWKCjoWf/WMWY6uE2rg=="
    },
    "node_modules/swapdom": {
      "version": "1.1.1",
      "resolved": "https://registry.npmjs.org/swapdom/-/swapdom-1.1.1.tgz",
      "integrity": "sha512-d6nEZ4rr9uL1aiBc4Oo+P/VyGsmCSYFG7TIkjTlW1SPEG60qEJSqE81aUK/nDTqqmBpGNOzo27rZpUlA4Cq5Jg==",
      "dev": true
    },
    "node_modules/tst": {
      "version": "7.2.0",
      "resolved": "https://registry.npmjs.org/tst/-/tst-7.2.0.tgz",
      "integrity": "sha512-Sh4OgQ4zmTnKbMTSVHIdvNCFpFMAw3XfNUnx0/c5TPLVVPNFXII69bs7VmciT8eeJytBSd1X13QxpULKXSU4sQ==",
      "dev": true
    },
    "node_modules/watr": {
      "version": "2.4.0",
      "resolved": "https://registry.npmjs.org/watr/-/watr-2.4.0.tgz",
      "integrity": "sha512-hKvUeGZb1TfT9HYn65SEhqw/XPYVo9wbtFtc0T+2NY5UQAg6LX2SJsMTjlxBXKaggwcPIQdXOkzsiHbUfynauw=="
    }
  },
  "dependencies": {
    "arg": {
      "version": "5.0.2",
      "resolved": "https://registry.npmjs.org/arg/-/arg-5.0.2.tgz",
      "integrity": "sha512-PYjyFOLKQ9y57JvQ6QLo8dAgNqswh8M1RMJYdQduT6xbWSgK36P/Z/v+p888pM69jMMfS8Xd8F6I1kQ/I9HUGg=="
    },
    "sprae": {
      "version": "6.1.2",
      "resolved": "https://registry.npmjs.org/sprae/-/sprae-6.1.2.tgz",
      "integrity": "sha512-1im02tW2fihB7cSFP26m21YXt5q1JNgh/QPXl3k4Ms/+0fMXHJj5jvz8DEs0HUdHWrs2kFrxX1dj/cOmOhLH6Q==",
      "dev": true,
      "requires": {
        "swapdom": "^1.1.1"
      }
    },
    "subscript": {
      "version": "8.4.0",
      "resolved": "https://registry.npmjs.org/subscript/-/subscript-8.4.0.tgz",
      "integrity": "sha512-3Tt3Nh62JSrb1rQnZRyH/JNEc/FoztZQto5r+4vlnOLRVMAF++4aZRjoIGsXevOKs20LWKCjoWf/WMWY6uE2rg=="
    },
    "swapdom": {
      "version": "1.1.1",
      "resolved": "https://registry.npmjs.org/swapdom/-/swapdom-1.1.1.tgz",
      "integrity": "sha512-d6nEZ4rr9uL1aiBc4Oo+P/VyGsmCSYFG7TIkjTlW1SPEG60qEJSqE81aUK/nDTqqmBpGNOzo27rZpUlA4Cq5Jg==",
      "dev": true
    },
    "tst": {
      "version": "7.2.0",
      "resolved": "https://registry.npmjs.org/tst/-/tst-7.2.0.tgz",
      "integrity": "sha512-Sh4OgQ4zmTnKbMTSVHIdvNCFpFMAw3XfNUnx0/c5TPLVVPNFXII69bs7VmciT8eeJytBSd1X13QxpULKXSU4sQ==",
      "dev": true
    },
    "watr": {
      "version": "2.4.0",
      "resolved": "https://registry.npmjs.org/watr/-/watr-2.4.0.tgz",
      "integrity": "sha512-hKvUeGZb1TfT9HYn65SEhqw/XPYVo9wbtFtc0T+2NY5UQAg6LX2SJsMTjlxBXKaggwcPIQdXOkzsiHbUfynauw=="
    }
  }
}
